<Solution>
  <Folder Name="/AuthService/">
    <Project Path="src/Services/AuthService/AuthApi/AuthApi.csproj" />
  </Folder>
  <Folder Name="/LogService/">
    <Project Path="src/Services/LogService/LogWebApi/LogWebApi.csproj" />
  </Folder>
  <Folder Name="/ProductService/" />
  <Folder Name="/ProductService/Core/">
    <Project Path="src/Services/ProductionService/Core/ProductionService.Application/ProductionService.Application.csproj" />
    <Project Path="src/Services/ProductionService/Core/ProductionService.Domain/ProductionService.Domain.csproj" />
  </Folder>
  <Folder Name="/ProductService/Infrastructure/">
    <Project Path="src/Services/ProductionService/Infrastructure/ProductionService.Persistence/ProductionService.Persistence.csproj" />
  </Folder>
  <Folder Name="/ProductService/Presentation/">
    <Project Path="src/Services/ProductionService/Presentation/ProductionService.WebApi/ProductionService.WebApi.csproj" />
  </Folder>
</Solution>
